{
  "version": 4,
  "terraform_version": "0.12.28",
  "serial": 18,
  "lineage": "cab12679-effc-7b33-4aee-b3542b09f0fc",
  "outputs": {
    "cluster_ca": {
      "value": "-----BEGIN CERTIFICATE-----\nMIIDKjCCAhKgAwIBAgIQEWWWxgGsF4u1nNbo7CwCzTANBgkqhkiG9w0BAQsFADAv\nMS0wKwYDVQQDEyQ2YjI2N2IwOC0xNzM2LTQ1YmItOTg3ZS0yY2FkMGJhZDA3ZjIw\nHhcNMjAxMDE1MDYxMTI2WhcNMjUxMDE0MDcxMTI2WjAvMS0wKwYDVQQDEyQ2YjI2\nN2IwOC0xNzM2LTQ1YmItOTg3ZS0yY2FkMGJhZDA3ZjIwggEiMA0GCSqGSIb3DQEB\nAQUAA4IBDwAwggEKAoIBAQDE9auoG+iK4YERlQqpetBW/3GB5/JHI82AKLckJYpX\nkJ43Xcn619jWAyInyE6VQFHFzFckhbMfpgGxJBqFrbXE8M+F6wG+oBAyX9TRfG8y\ngLSbeQToLHqXr9makuBppqTvTrWOdKxYtThl57otaBHLqMa1mipyG/vAR/xUEhd4\nONc2wY6GUlMv4zjG5RVRm+ogtuABumV5elXz6IWU0gf6rPmQHdOIcrLHaxjvJ+EP\n5+YcjpD2Jtx1a+1Jp/7g+GoOjHJNrb0twG06l0llXCsB399v3gQan0X/9iqCEQ9X\nOfaizVOPEghz+6IvxrlEVx9qfhSrlmulEJAzd61TsNyHAgMBAAGjQjBAMA4GA1Ud\nDwEB/wQEAwICBDAPBgNVHRMBAf8EBTADAQH/MB0GA1UdDgQWBBRQuvnUNoj91amA\nBwg0P8XyzCYiRDANBgkqhkiG9w0BAQsFAAOCAQEApRsvOg9ASlN0ak3znRqmAufY\nJHVORnP+YjOexliNtelS9DZLq5K0K3ji71h2mnt9dWw44+wKQVQAJ7a0a4iWW0sm\nfYrATcF9OIyS4SuFfG7IVkMOc8jLt5yUeww8dKai8j7oyrxZtxQUXLf/QZ9ab8OJ\nqzw0aVJtvWyownqWpMrY6VG7Ij1qLRM7CUt5i/1sHakqdblpHYKo+8MXFpmdv9vw\nkSG+OfGAPeKl45zoWlouW22x3kQiVEyWOEetxAAUWx3AVCx5wD52JQqv5MtKFje+\nPqDHopgj/P2QZd12AKMLKub1riI1N04/rSzWJGHRlogVB2d36rQIKDOhEO+Kxw==\n-----END CERTIFICATE-----\n",
      "type": "string"
    },
    "cluster_key": {
      "value": "",
      "type": "string"
    },
    "cluster_name": {
      "value": "gke_poc-rtc_europe-west1-c_nifi-cluster",
      "type": "string"
    },
    "cluster_server": {
      "value": "https://35.195.79.20",
      "type": "string"
    },
    "cluster_zone": {
      "value": "europe-west1-c",
      "type": "string"
    }
  },
  "resources": [
    {
      "mode": "data",
      "type": "google_client_config",
      "name": "current",
      "provider": "provider.google",
      "instances": [
        {
          "schema_version": 0,
          "attributes": {
            "access_token": "ya29.c.KpgB4Ad-H-gl9lyqTq1R3-XWSXKt5eyQ49Cc0t2YgsQDgQAG7c8Wmu65vWHWDqwUkqA6GcvHK1xDk8ZjyiEm7fYXoBit7R_eaMyIfS6SiEKamo2Sy1gtrzzFxqalHmTztnikjWW7JiBVsscJUj_BQJi8b_m8o01wzqvKy6JosEjagKYbCO289JUsNrlYwgZAUeb8JBOUOG9MVPs",
            "id": "projects/poc-rtc/regions/europe-west1/zones/europe-west1-c",
            "project": "poc-rtc",
            "region": "europe-west1",
            "zone": "europe-west1-c"
          }
        }
      ]
    },
    {
      "mode": "data",
      "type": "google_client_config",
      "name": "provider",
      "provider": "provider.google",
      "instances": [
        {
          "schema_version": 0,
          "attributes": {
            "access_token": "ya29.c.KpgB4Ad-H-gl9lyqTq1R3-XWSXKt5eyQ49Cc0t2YgsQDgQAG7c8Wmu65vWHWDqwUkqA6GcvHK1xDk8ZjyiEm7fYXoBit7R_eaMyIfS6SiEKamo2Sy1gtrzzFxqalHmTztnikjWW7JiBVsscJUj_BQJi8b_m8o01wzqvKy6JosEjagKYbCO289JUsNrlYwgZAUeb8JBOUOG9MVPs",
            "id": "projects/poc-rtc/regions/europe-west1/zones/europe-west1-c",
            "project": "poc-rtc",
            "region": "europe-west1",
            "zone": "europe-west1-c"
          }
        }
      ]
    },
    {
      "mode": "managed",
      "type": "google_container_cluster",
      "name": "nifi-cluster",
      "provider": "provider.google-beta",
      "instances": [
        {
          "schema_version": 1,
          "attributes": {
            "addons_config": [
              {
                "cloudrun_config": [
                  {
                    "disabled": true,
                    "load_balancer_type": ""
                  }
                ],
                "config_connector_config": [],
                "dns_cache_config": [],
                "gce_persistent_disk_csi_driver_config": [],
                "horizontal_pod_autoscaling": [
                  {
                    "disabled": false
                  }
                ],
                "http_load_balancing": [
                  {
                    "disabled": false
                  }
                ],
                "istio_config": [
                  {
                    "auth": "",
                    "disabled": true
                  }
                ],
                "kalm_config": [],
                "network_policy_config": [
                  {
                    "disabled": true
                  }
                ]
              }
            ],
            "authenticator_groups_config": [],
            "cluster_autoscaling": [
              {
                "auto_provisioning_defaults": [],
                "autoscaling_profile": "BALANCED",
                "enabled": false,
                "resource_limits": []
              }
            ],
            "cluster_ipv4_cidr": "10.76.0.0/14",
            "cluster_telemetry": [
              {
                "type": "ENABLED"
              }
            ],
            "database_encryption": [
              {
                "key_name": "",
                "state": "DECRYPTED"
              }
            ],
            "datapath_provider": "",
            "default_max_pods_per_node": null,
            "default_snat_status": [
              {
                "disabled": false
              }
            ],
            "description": "GKE cluster for secured NiFi cluster",
            "enable_binary_authorization": false,
            "enable_intranode_visibility": false,
            "enable_kubernetes_alpha": false,
            "enable_legacy_abac": false,
            "enable_shielded_nodes": false,
            "enable_tpu": false,
            "endpoint": "35.195.79.20",
            "id": "projects/poc-rtc/locations/europe-west1-c/clusters/nifi-cluster",
            "initial_node_count": 1,
            "instance_group_urls": [],
            "ip_allocation_policy": [],
            "label_fingerprint": "a9dc16a7",
            "location": "europe-west1-c",
            "logging_service": "logging.googleapis.com/kubernetes",
            "maintenance_policy": [],
            "master_auth": [
              {
                "client_certificate": "",
                "client_certificate_config": [
                  {
                    "issue_client_certificate": false
                  }
                ],
                "client_key": "",
                "cluster_ca_certificate": "LS0tLS1CRUdJTiBDRVJUSUZJQ0FURS0tLS0tCk1JSURLakNDQWhLZ0F3SUJBZ0lRRVdXV3hnR3NGNHUxbk5ibzdDd0N6VEFOQmdrcWhraUc5dzBCQVFzRkFEQXYKTVMwd0t3WURWUVFERXlRMllqSTJOMkl3T0MweE56TTJMVFExWW1JdE9UZzNaUzB5WTJGa01HSmhaREEzWmpJdwpIaGNOTWpBeE1ERTFNRFl4TVRJMldoY05NalV4TURFME1EY3hNVEkyV2pBdk1TMHdLd1lEVlFRREV5UTJZakkyCk4ySXdPQzB4TnpNMkxUUTFZbUl0T1RnM1pTMHlZMkZrTUdKaFpEQTNaakl3Z2dFaU1BMEdDU3FHU0liM0RRRUIKQVFVQUE0SUJEd0F3Z2dFS0FvSUJBUURFOWF1b0craUs0WUVSbFFxcGV0QlcvM0dCNS9KSEk4MkFLTGNrSllwWAprSjQzWGNuNjE5aldBeUlueUU2VlFGSEZ6RmNraGJNZnBnR3hKQnFGcmJYRThNK0Y2d0crb0JBeVg5VFJmRzh5CmdMU2JlUVRvTEhxWHI5bWFrdUJwcHFUdlRyV09kS3hZdFRobDU3b3RhQkhMcU1hMW1pcHlHL3ZBUi94VUVoZDQKT05jMndZNkdVbE12NHpqRzVSVlJtK29ndHVBQnVtVjVlbFh6NklXVTBnZjZyUG1RSGRPSWNyTEhheGp2SitFUAo1K1ljanBEMkp0eDFhKzFKcC83ZytHb09qSEpOcmIwdHdHMDZsMGxsWENzQjM5OXYzZ1FhbjBYLzlpcUNFUTlYCk9mYWl6Vk9QRWdoeis2SXZ4cmxFVng5cWZoU3JsbXVsRUpBemQ2MVRzTnlIQWdNQkFBR2pRakJBTUE0R0ExVWQKRHdFQi93UUVBd0lDQkRBUEJnTlZIUk1CQWY4RUJUQURBUUgvTUIwR0ExVWREZ1FXQkJSUXV2blVOb2o5MWFtQQpCd2cwUDhYeXpDWWlSREFOQmdrcWhraUc5dzBCQVFzRkFBT0NBUUVBcFJzdk9nOUFTbE4wYWszem5ScW1BdWZZCkpIVk9SblArWWpPZXhsaU50ZWxTOURaTHE1SzBLM2ppNzFoMm1udDlkV3c0NCt3S1FWUUFKN2EwYTRpV1cwc20KZllyQVRjRjlPSXlTNFN1RmZHN0lWa01PYzhqTHQ1eVVld3c4ZEthaThqN295cnhadHhRVVhMZi9RWjlhYjhPSgpxencwYVZKdHZXeW93bnFXcE1yWTZWRzdJajFxTFJNN0NVdDVpLzFzSGFrcWRibHBIWUtvKzhNWEZwbWR2OXZ3CmtTRytPZkdBUGVLbDQ1em9XbG91VzIyeDNrUWlWRXlXT0VldHhBQVVXeDNBVkN4NXdENTJKUXF2NU10S0ZqZSsKUHFESG9wZ2ovUDJRWmQxMkFLTUxLdWIxcmlJMU4wNC9yU3pXSkdIUmxvZ1ZCMmQzNnJRSUtET2hFTytLeHc9PQotLS0tLUVORCBDRVJUSUZJQ0FURS0tLS0tCg==",
                "password": "demodemodemodemo",
                "username": "demo"
              }
            ],
            "master_authorized_networks_config": [],
            "master_version": "1.16.15-gke.1600",
            "min_master_version": "1.16",
            "monitoring_service": "monitoring.googleapis.com/kubernetes",
            "name": "nifi-cluster",
            "network": "projects/poc-rtc/global/networks/default",
            "network_policy": [
              {
                "enabled": false,
                "provider": ""
              }
            ],
            "networking_mode": "ROUTES",
            "node_config": [],
            "node_locations": [],
            "node_pool": [],
            "node_version": "1.16.15-gke.1600",
            "notification_config": [
              {
                "pubsub": [
                  {
                    "enabled": false,
                    "topic": ""
                  }
                ]
              }
            ],
            "operation": null,
            "pod_security_policy_config": [
              {
                "enabled": false
              }
            ],
            "private_cluster_config": [],
            "project": "poc-rtc",
            "release_channel": [
              {
                "channel": "UNSPECIFIED"
              }
            ],
            "remove_default_node_pool": true,
            "resource_labels": null,
            "resource_usage_export_config": [],
            "self_link": "https://container.googleapis.com/v1beta1/projects/poc-rtc/zones/europe-west1-c/clusters/nifi-cluster",
            "services_ipv4_cidr": "10.79.240.0/20",
            "subnetwork": "projects/poc-rtc/regions/europe-west1/subnetworks/default",
            "timeouts": null,
            "tpu_ipv4_cidr_block": "",
            "vertical_pod_autoscaling": [
              {
                "enabled": false
              }
            ],
            "workload_identity_config": []
          },
          "private": "eyJlMmJmYjczMC1lY2FhLTExZTYtOGY4OC0zNDM2M2JjN2M0YzAiOnsiY3JlYXRlIjoyNDAwMDAwMDAwMDAwLCJkZWxldGUiOjI0MDAwMDAwMDAwMDAsInJlYWQiOjI0MDAwMDAwMDAwMDAsInVwZGF0ZSI6MzYwMDAwMDAwMDAwMH0sInNjaGVtYV92ZXJzaW9uIjoiMSJ9"
        }
      ]
    },
    {
      "mode": "managed",
      "type": "google_container_node_pool",
      "name": "nodes",
      "provider": "provider.google-beta",
      "instances": [
        {
          "schema_version": 1,
          "attributes": {
            "autoscaling": [
              {
                "max_node_count": 6,
                "min_node_count": 1
              }
            ],
            "cluster": "nifi-cluster",
            "id": "projects/poc-rtc/locations/europe-west1-c/clusters/nifi-cluster/nodePools/tracking-ptf20201015071452747700000001",
            "initial_node_count": 5,
            "instance_group_urls": [
              "https://www.googleapis.com/compute/v1/projects/poc-rtc/zones/europe-west1-c/instanceGroupManagers/gke-nifi-cluster-tracking-ptf20201015-81d844ee-grp"
            ],
            "location": "europe-west1-c",
            "management": [
              {
                "auto_repair": true,
                "auto_upgrade": true
              }
            ],
            "max_pods_per_node": null,
            "name": "tracking-ptf20201015071452747700000001",
            "name_prefix": "tracking-ptf",
            "node_config": [
              {
                "boot_disk_kms_key": "",
                "disk_size_gb": 100,
                "disk_type": "pd-standard",
                "guest_accelerator": [],
                "image_type": "COS",
                "kubelet_config": [],
                "labels": {},
                "linux_node_config": [],
                "local_ssd_count": 0,
                "machine_type": "n1-standard-2",
                "metadata": {
                  "disable-legacy-endpoints": "true"
                },
                "min_cpu_platform": "",
                "oauth_scopes": [
                  "https://www.googleapis.com/auth/devstorage.read_only",
                  "https://www.googleapis.com/auth/logging.write",
                  "https://www.googleapis.com/auth/monitoring",
                  "https://www.googleapis.com/auth/ndev.clouddns.readwrite",
                  "https://www.googleapis.com/auth/service.management.readonly",
                  "https://www.googleapis.com/auth/servicecontrol",
                  "https://www.googleapis.com/auth/trace.append"
                ],
                "preemptible": true,
                "sandbox_config": [],
                "service_account": "default",
                "shielded_instance_config": [
                  {
                    "enable_integrity_monitoring": true,
                    "enable_secure_boot": false
                  }
                ],
                "tags": [
                  "tracking-ptf"
                ],
                "taint": [],
                "workload_metadata_config": []
              }
            ],
            "node_count": 5,
            "node_locations": [
              "europe-west1-c"
            ],
            "project": "poc-rtc",
            "timeouts": null,
            "upgrade_settings": [
              {
                "max_surge": 1,
                "max_unavailable": 0
              }
            ],
            "version": "1.16.15-gke.1600"
          },
          "private": "eyJlMmJmYjczMC1lY2FhLTExZTYtOGY4OC0zNDM2M2JjN2M0YzAiOnsiY3JlYXRlIjoxODAwMDAwMDAwMDAwLCJkZWxldGUiOjE4MDAwMDAwMDAwMDAsInVwZGF0ZSI6MTgwMDAwMDAwMDAwMH0sInNjaGVtYV92ZXJzaW9uIjoiMSJ9",
          "dependencies": [
            "google_container_cluster.nifi-cluster"
          ]
        }
      ]
    },
    {
      "mode": "managed",
      "type": "google_dns_managed_zone",
      "name": "external-dns-zone",
      "each": "list",
      "provider": "provider.google",
      "instances": []
    },
    {
      "mode": "managed",
      "type": "google_dns_record_set",
      "name": "external-dns-record-set",
      "each": "list",
      "provider": "provider.google",
      "instances": []
    },
    {
      "mode": "managed",
      "type": "helm_release",
      "name": "cert-manager",
      "provider": "provider.helm",
      "instances": [
        {
          "schema_version": 0,
          "attributes": {
            "atomic": false,
            "chart": "cert-manager",
            "cleanup_on_fail": false,
            "create_namespace": false,
            "dependency_update": false,
            "description": null,
            "devel": null,
            "disable_crd_hooks": false,
            "disable_openapi_validation": false,
            "disable_webhooks": false,
            "force_update": false,
            "id": "cert-manager",
            "keyring": null,
            "lint": false,
            "max_history": 0,
            "metadata": [
              {
                "app_version": "v0.15.1",
                "chart": "cert-manager",
                "name": "cert-manager",
                "namespace": "cert-manager",
                "revision": 1,
                "values": "{}",
                "version": "v0.15.1"
              }
            ],
            "name": "cert-manager",
            "namespace": "cert-manager",
            "postrender": [],
            "recreate_pods": false,
            "render_subchart_notes": true,
            "replace": false,
            "repository": "https://charts.jetstack.io",
            "repository_ca_file": null,
            "repository_cert_file": null,
            "repository_key_file": null,
            "repository_password": null,
            "repository_username": null,
            "reset_values": false,
            "reuse_values": false,
            "set": [],
            "set_sensitive": [],
            "set_string": [],
            "skip_crds": false,
            "status": "deployed",
            "timeout": 300,
            "values": null,
            "verify": false,
            "version": "v0.15.1",
            "wait": true
          },
          "private": "bnVsbA==",
          "dependencies": [
            "google_container_cluster.nifi-cluster",
            "google_container_node_pool.nodes",
            "kubernetes_namespace.cert-manager",
            "null_resource.deploy-certmanager-crds"
          ]
        }
      ]
    },
    {
      "mode": "managed",
      "type": "helm_release",
      "name": "zookeeper",
      "provider": "provider.helm",
      "instances": [
        {
          "schema_version": 0,
          "attributes": {
            "atomic": false,
            "chart": "zookeeper",
            "cleanup_on_fail": false,
            "create_namespace": false,
            "dependency_update": false,
            "description": null,
            "devel": null,
            "disable_crd_hooks": false,
            "disable_openapi_validation": false,
            "disable_webhooks": false,
            "force_update": false,
            "id": "zookeeper",
            "keyring": null,
            "lint": false,
            "max_history": 0,
            "metadata": [
              {
                "app_version": "3.6.2",
                "chart": "zookeeper",
                "name": "zookeeper",
                "namespace": "zookeeper",
                "revision": 1,
                "values": "{\"global\":{\"storageClass\":\"ssd-wait\"},\"replicaCount\":3}",
                "version": "5.22.0"
              }
            ],
            "name": "zookeeper",
            "namespace": "zookeeper",
            "postrender": [],
            "recreate_pods": false,
            "render_subchart_notes": true,
            "replace": false,
            "repository": "https://charts.bitnami.com/bitnami",
            "repository_ca_file": null,
            "repository_cert_file": null,
            "repository_key_file": null,
            "repository_password": null,
            "repository_username": null,
            "reset_values": false,
            "reuse_values": false,
            "set": [
              {
                "name": "global.storageClass",
                "type": "",
                "value": "ssd-wait"
              },
              {
                "name": "replicaCount",
                "type": "",
                "value": "3"
              }
            ],
            "set_sensitive": [],
            "set_string": [],
            "skip_crds": false,
            "status": "deployed",
            "timeout": 300,
            "values": null,
            "verify": false,
            "version": "5.22.0",
            "wait": true
          },
          "private": "bnVsbA==",
          "dependencies": [
            "google_container_cluster.nifi-cluster",
            "google_container_node_pool.nodes",
            "kubernetes_namespace.zookeeper",
            "kubernetes_storage_class.nifi-ssd"
          ]
        }
      ]
    },
    {
      "mode": "managed",
      "type": "kubernetes_cluster_role",
      "name": "external-dns",
      "provider": "provider.kubernetes",
      "instances": [
        {
          "schema_version": 0,
          "attributes": {
            "aggregation_rule": [],
            "id": "external-dns",
            "metadata": [
              {
                "annotations": null,
                "generation": 0,
                "labels": null,
                "name": "external-dns",
                "resource_version": "1360",
                "self_link": "/apis/rbac.authorization.k8s.io/v1/clusterroles/external-dns",
                "uid": "62ddc80c-eec2-4ce0-afa3-c125e89f1d4c"
              }
            ],
            "rule": [
              {
                "api_groups": [
                  ""
                ],
                "non_resource_urls": null,
                "resource_names": null,
                "resources": [
                  "services"
                ],
                "verbs": [
                  "get",
                  "watch",
                  "list"
                ]
              },
              {
                "api_groups": [
                  ""
                ],
                "non_resource_urls": null,
                "resource_names": null,
                "resources": [
                  "pods"
                ],
                "verbs": [
                  "get",
                  "watch",
                  "list"
                ]
              },
              {
                "api_groups": [
                  ""
                ],
                "non_resource_urls": null,
                "resource_names": null,
                "resources": [
                  "nodes"
                ],
                "verbs": [
                  "get",
                  "watch",
                  "list"
                ]
              },
              {
                "api_groups": [
                  "extensions"
                ],
                "non_resource_urls": null,
                "resource_names": null,
                "resources": [
                  "ingresses"
                ],
                "verbs": [
                  "get",
                  "watch",
                  "list"
                ]
              }
            ]
          },
          "private": "bnVsbA==",
          "dependencies": [
            "google_container_cluster.nifi-cluster",
            "google_container_node_pool.nodes"
          ]
        }
      ]
    },
    {
      "mode": "managed",
      "type": "kubernetes_cluster_role_binding",
      "name": "external-dns-viewer",
      "provider": "provider.kubernetes",
      "instances": [
        {
          "schema_version": 0,
          "attributes": {
            "id": "external-dns-viewer",
            "metadata": [
              {
                "annotations": null,
                "generation": 0,
                "labels": null,
                "name": "external-dns-viewer",
                "resource_version": "1365",
                "self_link": "/apis/rbac.authorization.k8s.io/v1/clusterrolebindings/external-dns-viewer",
                "uid": "164ee591-4b3f-472f-b421-53660b06a822"
              }
            ],
            "role_ref": [
              {
                "api_group": "rbac.authorization.k8s.io",
                "kind": "ClusterRole",
                "name": "external-dns"
              }
            ],
            "subject": [
              {
                "api_group": "",
                "kind": "ServiceAccount",
                "name": "external-dns",
                "namespace": "nifikop"
              }
            ]
          },
          "private": "bnVsbA==",
          "dependencies": [
            "google_container_cluster.nifi-cluster",
            "google_container_node_pool.nodes",
            "kubernetes_cluster_role.external-dns",
            "kubernetes_namespace.nifi",
            "kubernetes_service_account.external-dns"
          ]
        }
      ]
    },
    {
      "mode": "managed",
      "type": "kubernetes_deployment",
      "name": "external-dns",
      "provider": "provider.kubernetes",
      "instances": [
        {
          "schema_version": 0,
          "attributes": {
            "id": "nifikop/external-dns",
            "metadata": [
              {
                "annotations": null,
                "generate_name": "",
                "generation": 1,
                "labels": {
                  "app": "external-dns"
                },
                "name": "external-dns",
                "namespace": "nifikop",
                "resource_version": "1701",
                "self_link": "/apis/apps/v1/namespaces/nifikop/deployments/external-dns",
                "uid": "8061a385-b4c3-4b44-a1de-14ee104ee62f"
              }
            ],
            "spec": [
              {
                "min_ready_seconds": 0,
                "paused": false,
                "progress_deadline_seconds": 600,
                "replicas": 1,
                "revision_history_limit": 10,
                "selector": [
                  {
                    "match_expressions": [],
                    "match_labels": {
                      "app": "external-dns"
                    }
                  }
                ],
                "strategy": [
                  {
                    "rolling_update": [],
                    "type": "Recreate"
                  }
                ],
                "template": [
                  {
                    "metadata": [
                      {
                        "annotations": null,
                        "generate_name": "",
                        "generation": 0,
                        "labels": {
                          "app": "external-dns"
                        },
                        "name": "",
                        "namespace": "",
                        "resource_version": "",
                        "self_link": "",
                        "uid": ""
                      }
                    ],
                    "spec": [
                      {
                        "active_deadline_seconds": 0,
                        "affinity": [],
                        "automount_service_account_token": true,
                        "container": [
                          {
                            "args": [
                              "--source=service",
                              "--source=ingress",
                              "--domain-filter=orange.trycatchlearn.fr",
                              "--provider=google",
                              "--policy=upsert-only",
                              "--registry=txt",
                              "--namespace=nifikop",
                              "--fqdn-template={{.Name}}.orange.trycatchlearn.fr",
                              "--txt-owner-id=gke-poc-rtc-europe-west1-c_nifi-cluster-nifikop"
                            ],
                            "command": [],
                            "env": [],
                            "env_from": [],
                            "image": "bitnami/external-dns:0.5.14",
                            "image_pull_policy": "IfNotPresent",
                            "lifecycle": [],
                            "liveness_probe": [],
                            "name": "external-dns",
                            "port": [],
                            "readiness_probe": [],
                            "resources": [
                              {
                                "limits": null,
                                "requests": null
                              }
                            ],
                            "security_context": [],
                            "startup_probe": [],
                            "stdin": false,
                            "stdin_once": false,
                            "termination_message_path": "/dev/termination-log",
                            "termination_message_policy": "File",
                            "tty": false,
                            "volume_mount": [],
                            "working_dir": ""
                          }
                        ],
                        "dns_config": [],
                        "dns_policy": "ClusterFirst",
                        "host_aliases": [],
                        "host_ipc": false,
                        "host_network": false,
                        "host_pid": false,
                        "hostname": "",
                        "image_pull_secrets": [],
                        "init_container": [],
                        "node_name": "",
                        "node_selector": null,
                        "priority_class_name": "",
                        "restart_policy": "Always",
                        "security_context": [],
                        "service_account_name": "external-dns",
                        "share_process_namespace": false,
                        "subdomain": "",
                        "termination_grace_period_seconds": 30,
                        "toleration": [],
                        "volume": []
                      }
                    ]
                  }
                ]
              }
            ],
            "timeouts": null,
            "wait_for_rollout": true
          },
          "private": "eyJlMmJmYjczMC1lY2FhLTExZTYtOGY4OC0zNDM2M2JjN2M0YzAiOnsiY3JlYXRlIjo2MDAwMDAwMDAwMDAsImRlbGV0ZSI6NjAwMDAwMDAwMDAwLCJ1cGRhdGUiOjYwMDAwMDAwMDAwMH19",
          "dependencies": [
            "google_container_cluster.nifi-cluster",
            "google_container_node_pool.nodes",
            "kubernetes_namespace.nifi",
            "kubernetes_service_account.external-dns"
          ]
        }
      ]
    },
    {
      "mode": "managed",
      "type": "kubernetes_namespace",
      "name": "cert-manager",
      "provider": "provider.kubernetes",
      "instances": [
        {
          "schema_version": 0,
          "attributes": {
            "id": "cert-manager",
            "metadata": [
              {
                "annotations": {
                  "name": "cert-manager"
                },
                "generate_name": "",
                "generation": 0,
                "labels": null,
                "name": "cert-manager",
                "resource_version": "1356",
                "self_link": "/api/v1/namespaces/cert-manager",
                "uid": "b76aefbf-28ed-415c-9b75-8b02ffff0bdc"
              }
            ],
            "timeouts": null
          },
          "private": "eyJlMmJmYjczMC1lY2FhLTExZTYtOGY4OC0zNDM2M2JjN2M0YzAiOnsiZGVsZXRlIjozMDAwMDAwMDAwMDB9fQ==",
          "dependencies": [
            "google_container_cluster.nifi-cluster",
            "google_container_node_pool.nodes"
          ]
        }
      ]
    },
    {
      "mode": "managed",
      "type": "kubernetes_namespace",
      "name": "nifi",
      "provider": "provider.kubernetes",
      "instances": [
        {
          "schema_version": 0,
          "attributes": {
            "id": "nifikop",
            "metadata": [
              {
                "annotations": {
                  "name": "nifikop"
                },
                "generate_name": "",
                "generation": 0,
                "labels": null,
                "name": "nifikop",
                "resource_version": "1359",
                "self_link": "/api/v1/namespaces/nifikop",
                "uid": "6977e683-e821-4f43-86da-047ebfa7a7c4"
              }
            ],
            "timeouts": null
          },
          "private": "eyJlMmJmYjczMC1lY2FhLTExZTYtOGY4OC0zNDM2M2JjN2M0YzAiOnsiZGVsZXRlIjozMDAwMDAwMDAwMDB9fQ==",
          "dependencies": [
            "google_container_cluster.nifi-cluster",
            "google_container_node_pool.nodes"
          ]
        }
      ]
    },
    {
      "mode": "managed",
      "type": "kubernetes_namespace",
      "name": "zookeeper",
      "provider": "provider.kubernetes",
      "instances": [
        {
          "schema_version": 0,
          "attributes": {
            "id": "zookeeper",
            "metadata": [
              {
                "annotations": {
                  "name": "zookeeper"
                },
                "generate_name": "",
                "generation": 0,
                "labels": null,
                "name": "zookeeper",
                "resource_version": "1357",
                "self_link": "/api/v1/namespaces/zookeeper",
                "uid": "47a33f56-3501-4e30-a928-74632d1e2be3"
              }
            ],
            "timeouts": null
          },
          "private": "eyJlMmJmYjczMC1lY2FhLTExZTYtOGY4OC0zNDM2M2JjN2M0YzAiOnsiZGVsZXRlIjozMDAwMDAwMDAwMDB9fQ==",
          "dependencies": [
            "google_container_cluster.nifi-cluster",
            "google_container_node_pool.nodes"
          ]
        }
      ]
    },
    {
      "mode": "managed",
      "type": "kubernetes_service_account",
      "name": "external-dns",
      "provider": "provider.kubernetes",
      "instances": [
        {
          "schema_version": 0,
          "attributes": {
            "automount_service_account_token": true,
            "default_secret_name": "external-dns-token-rjnb7",
            "id": "nifikop/external-dns",
            "image_pull_secret": [],
            "metadata": [
              {
                "annotations": null,
                "generate_name": "",
                "generation": 0,
                "labels": null,
                "name": "external-dns",
                "namespace": "nifikop",
                "resource_version": "1363",
                "self_link": "/api/v1/namespaces/nifikop/serviceaccounts/external-dns",
                "uid": "ddfc1ab4-d798-484f-9133-e67eafb06200"
              }
            ],
            "secret": [],
            "timeouts": null
          },
          "private": "eyJlMmJmYjczMC1lY2FhLTExZTYtOGY4OC0zNDM2M2JjN2M0YzAiOnsiY3JlYXRlIjozMDAwMDAwMDAwMH19",
          "dependencies": [
            "google_container_cluster.nifi-cluster",
            "google_container_node_pool.nodes",
            "kubernetes_namespace.nifi"
          ]
        }
      ]
    },
    {
      "mode": "managed",
      "type": "kubernetes_storage_class",
      "name": "nifi-ssd",
      "provider": "provider.kubernetes",
      "instances": [
        {
          "schema_version": 0,
          "attributes": {
            "allow_volume_expansion": true,
            "id": "ssd-wait",
            "metadata": [
              {
                "annotations": null,
                "generate_name": "",
                "generation": 0,
                "labels": null,
                "name": "ssd-wait",
                "resource_version": "1358",
                "self_link": "/apis/storage.k8s.io/v1/storageclasses/ssd-wait",
                "uid": "cbbc4b16-a23d-4bed-b1ab-08585416de8a"
              }
            ],
            "mount_options": null,
            "parameters": {
              "type": "pd-ssd"
            },
            "reclaim_policy": "Delete",
            "storage_provisioner": "kubernetes.io/gce-pd",
            "volume_binding_mode": "WaitForFirstConsumer"
          },
          "private": "bnVsbA==",
          "dependencies": [
            "google_container_cluster.nifi-cluster",
            "google_container_node_pool.nodes"
          ]
        }
      ]
    },
    {
      "mode": "managed",
      "type": "null_resource",
      "name": "deploy-certmanager-crds",
      "provider": "provider.null",
      "instances": [
        {
          "schema_version": 0,
          "attributes": {
            "id": "5741573467986376934",
            "triggers": null
          },
          "private": "bnVsbA==",
          "dependencies": [
            "google_container_cluster.nifi-cluster",
            "google_container_node_pool.nodes",
            "kubernetes_namespace.cert-manager"
          ]
        }
      ]
    },
    {
      "mode": "managed",
      "type": "null_resource",
      "name": "get-credentials",
      "provider": "provider.null",
      "instances": [
        {
          "schema_version": 0,
          "attributes": {
            "id": "3739809916655548533",
            "triggers": null
          },
          "private": "bnVsbA==",
          "dependencies": [
            "google_container_cluster.nifi-cluster",
            "google_container_node_pool.nodes"
          ]
        }
      ]
    }
  ]
}
